
Microsoft Visual Studio Solution File, Format Version 12.00
# Visual Studio 15
VisualStudioVersion = 15.0.28307.329
MinimumVisualStudioVersion = 10.0.40219.1
Project("{8BC9CEB8-8B4A-11D0-8D11-00A0C91BC942}") = "Lesson5", "Lesson5\Lesson5.vcxproj", "{959D86A0-DB9E-400D-BAF5-219E57ED6B48}"
EndProject
Global
	GlobalSection(SolutionConfigurationPlatforms) = preSolution
		Debug|x64 = Debug|x64
		Debug|x86 = Debug|x86
		Release|x64 = Release|x64
		Release|x86 = Release|x86
	EndGlobalSection
	GlobalSection(ProjectConfigurationPlatforms) = postSolution
		{959D86A0-DB9E-400D-BAF5-219E57ED6B48}.Debug|x64.ActiveCfg = Debug|x64
		{959D86A0-DB9E-400D-BAF5-219E57ED6B48}.Debug|x64.Build.0 = Debug|x64
		{959D86A0-DB9E-400D-BAF5-219E57ED6B48}.Debug|x86.ActiveCfg = Debug|Win32
		{959D86A0-DB9E-400D-BAF5-219E57ED6B48}.Debug|x86.Build.0 = Debug|Win32
		{959D86A0-DB9E-400D-BAF5-219E57ED6B48}.Release|x64.ActiveCfg = Release|x64
		{959D86A0-DB9E-400D-BAF5-219E57ED6B48}.Release|x64.Build.0 = Release|x64
		{959D86A0-DB9E-400D-BAF5-219E57ED6B48}.Release|x86.ActiveCfg = Release|Win32
		{959D86A0-DB9E-400D-BAF5-219E57ED6B48}.Release|x86.Build.0 = Release|Win32
	EndGlobalSection
	GlobalSection(SolutionProperties) = preSolution
		HideSolutionNode = FALSE
	EndGlobalSection
	GlobalSection(ExtensibilityGlobals) = postSolution
		SolutionGuid = {FD15025B-3CFF-4B0F-8979-A29C89CAF475}
	EndGlobalSection
EndGlobal
